// !$*UTF8*$!
{
	archiveVersion = 1;
	classes = {
	};
	objectVersion = 56;
	objects = {

/* Begin PBXBuildFile section */
		88169DCF2C2C1841004C71F6 /* main.c in Sources */ = {isa = PBXBuildFile; fileRef = 88169DCE2C2C1841004C71F6 /* main.c */; };
		88169DDA2C2C1E7A004C71F6 /* main.c in Sources */ = {isa = PBXBuildFile; fileRef = 88169DD92C2C1E7A004C71F6 /* main.c */; };
		88169DE52C2C230B004C71F6 /* main.c in Sources */ = {isa = PBXBuildFile; fileRef = 88169DE42C2C230B004C71F6 /* main.c */; };
		88169DF02C2C2E9E004C71F6 /* main.c in Sources */ = {isa = PBXBuildFile; fileRef = 88169DEF2C2C2E9E004C71F6 /* main.c */; };
		886A4B342C393CF900D7A2A1 /* main.c in Sources */ = {isa = PBXBuildFile; fileRef = 886A4B332C393CF900D7A2A1 /* main.c */; };
		88B54C292C48E52C004835A3 /* main.c in Sources */ = {isa = PBXBuildFile; fileRef = 88B54C282C48E52C004835A3 /* main.c */; };
		88B54C342C48EAB4004835A3 /* main.c in Sources */ = {isa = PBXBuildFile; fileRef = 88B54C332C48EAB4004835A3 /* main.c */; };
/* End PBXBuildFile section */

/* Begin PBXCopyFilesBuildPhase section */
		88169DCA2C2C1841004C71F6 /* CopyFiles */ = {
			isa = PBXCopyFilesBuildPhase;
			buildActionMask = 2147483647;
			dstPath = /usr/share/man/man1/;
			dstSubfolderSpec = 0;
			files = (
			);
			runOnlyForDeploymentPostprocessing = 1;
		};
		88169DD52C2C1E7A004C71F6 /* CopyFiles */ = {
			isa = PBXCopyFilesBuildPhase;
			buildActionMask = 2147483647;
			dstPath = /usr/share/man/man1/;
			dstSubfolderSpec = 0;
			files = (
			);
			runOnlyForDeploymentPostprocessing = 1;
		};
		88169DE02C2C230B004C71F6 /* CopyFiles */ = {
			isa = PBXCopyFilesBuildPhase;
			buildActionMask = 2147483647;
			dstPath = /usr/share/man/man1/;
			dstSubfolderSpec = 0;
			files = (
			);
			runOnlyForDeploymentPostprocessing = 1;
		};
		88169DEB2C2C2E9E004C71F6 /* CopyFiles */ = {
			isa = PBXCopyFilesBuildPhase;
			buildActionMask = 2147483647;
			dstPath = /usr/share/man/man1/;
			dstSubfolderSpec = 0;
			files = (
			);
			runOnlyForDeploymentPostprocessing = 1;
		};
		886A4B2F2C393CF900D7A2A1 /* CopyFiles */ = {
			isa = PBXCopyFilesBuildPhase;
			buildActionMask = 2147483647;
			dstPath = /usr/share/man/man1/;
			dstSubfolderSpec = 0;
			files = (
			);
			runOnlyForDeploymentPostprocessing = 1;
		};
		88B54C242C48E52C004835A3 /* CopyFiles */ = {
			isa = PBXCopyFilesBuildPhase;
			buildActionMask = 2147483647;
			dstPath = /usr/share/man/man1/;
			dstSubfolderSpec = 0;
			files = (
			);
			runOnlyForDeploymentPostprocessing = 1;
		};
		88B54C2F2C48EAB4004835A3 /* CopyFiles */ = {
			isa = PBXCopyFilesBuildPhase;
			buildActionMask = 2147483647;
			dstPath = /usr/share/man/man1/;
			dstSubfolderSpec = 0;
			files = (
			);
			runOnlyForDeploymentPostprocessing = 1;
		};
/* End PBXCopyFilesBuildPhase section */

/* Begin PBXFileReference section */
		88169DCC2C2C1841004C71F6 /* Array */ = {isa = PBXFileReference; explicitFileType = "compiled.mach-o.executable"; includeInIndex = 0; path = Array; sourceTree = BUILT_PRODUCTS_DIR; };
		88169DCE2C2C1841004C71F6 /* main.c */ = {isa = PBXFileReference; lastKnownFileType = sourcecode.c.c; path = main.c; sourceTree = "<group>"; };
		88169DD72C2C1E7A004C71F6 /* Multi-Dimentional Array */ = {isa = PBXFileReference; explicitFileType = "compiled.mach-o.executable"; includeInIndex = 0; path = "Multi-Dimentional Array"; sourceTree = BUILT_PRODUCTS_DIR; };
		88169DD92C2C1E7A004C71F6 /* main.c */ = {isa = PBXFileReference; lastKnownFileType = sourcecode.c.c; path = main.c; sourceTree = "<group>"; };
		88169DE22C2C230B004C71F6 /* Pointer */ = {isa = PBXFileReference; explicitFileType = "compiled.mach-o.executable"; includeInIndex = 0; path = Pointer; sourceTree = BUILT_PRODUCTS_DIR; };
		88169DE42C2C230B004C71F6 /* main.c */ = {isa = PBXFileReference; lastKnownFileType = sourcecode.c.c; path = main.c; sourceTree = "<group>"; };
		88169DED2C2C2E9E004C71F6 /* String */ = {isa = PBXFileReference; explicitFileType = "compiled.mach-o.executable"; includeInIndex = 0; path = String; sourceTree = BUILT_PRODUCTS_DIR; };
		88169DEF2C2C2E9E004C71F6 /* main.c */ = {isa = PBXFileReference; lastKnownFileType = sourcecode.c.c; path = main.c; sourceTree = "<group>"; };
		886A4B312C393CF900D7A2A1 /* Constant Pointer */ = {isa = PBXFileReference; explicitFileType = "compiled.mach-o.executable"; includeInIndex = 0; path = "Constant Pointer"; sourceTree = BUILT_PRODUCTS_DIR; };
		886A4B332C393CF900D7A2A1 /* main.c */ = {isa = PBXFileReference; lastKnownFileType = sourcecode.c.c; path = main.c; sourceTree = "<group>"; };
		88B54C262C48E52C004835A3 /* Pointer Calculation */ = {isa = PBXFileReference; explicitFileType = "compiled.mach-o.executable"; includeInIndex = 0; path = "Pointer Calculation"; sourceTree = BUILT_PRODUCTS_DIR; };
		88B54C282C48E52C004835A3 /* main.c */ = {isa = PBXFileReference; lastKnownFileType = sourcecode.c.c; path = main.c; sourceTree = "<group>"; };
		88B54C312C48EAB4004835A3 /* Pointer in Array */ = {isa = PBXFileReference; explicitFileType = "compiled.mach-o.executable"; includeInIndex = 0; path = "Pointer in Array"; sourceTree = BUILT_PRODUCTS_DIR; };
		88B54C332C48EAB4004835A3 /* main.c */ = {isa = PBXFileReference; lastKnownFileType = sourcecode.c.c; path = main.c; sourceTree = "<group>"; };
/* End PBXFileReference section */

/* Begin PBXFrameworksBuildPhase section */
		88169DC92C2C1841004C71F6 /* Frameworks */ = {
			isa = PBXFrameworksBuildPhase;
			buildActionMask = 2147483647;
			files = (
			);
			runOnlyForDeploymentPostprocessing = 0;
		};
		88169DD42C2C1E7A004C71F6 /* Frameworks */ = {
			isa = PBXFrameworksBuildPhase;
			buildActionMask = 2147483647;
			files = (
			);
			runOnlyForDeploymentPostprocessing = 0;
		};
		88169DDF2C2C230B004C71F6 /* Frameworks */ = {
			isa = PBXFrameworksBuildPhase;
			buildActionMask = 2147483647;
			files = (
			);
			runOnlyForDeploymentPostprocessing = 0;
		};
		88169DEA2C2C2E9E004C71F6 /* Frameworks */ = {
			isa = PBXFrameworksBuildPhase;
			buildActionMask = 2147483647;
			files = (
			);
			runOnlyForDeploymentPostprocessing = 0;
		};
		886A4B2E2C393CF900D7A2A1 /* Frameworks */ = {
			isa = PBXFrameworksBuildPhase;
			buildActionMask = 2147483647;
			files = (
			);
			runOnlyForDeploymentPostprocessing = 0;
		};
		88B54C232C48E52C004835A3 /* Frameworks */ = {
			isa = PBXFrameworksBuildPhase;
			buildActionMask = 2147483647;
			files = (
			);
			runOnlyForDeploymentPostprocessing = 0;
		};
		88B54C2E2C48EAB4004835A3 /* Frameworks */ = {
			isa = PBXFrameworksBuildPhase;
			buildActionMask = 2147483647;
			files = (
			);
			runOnlyForDeploymentPostprocessing = 0;
		};
/* End PBXFrameworksBuildPhase section */

/* Begin PBXGroup section */
		88169DB52C2C1830004C71F6 = {
			isa = PBXGroup;
			children = (
				88169DCD2C2C1841004C71F6 /* Array */,
				88169DD82C2C1E7A004C71F6 /* Multi-Dimentional Array */,
				88169DE32C2C230B004C71F6 /* Pointer */,
				88169DEE2C2C2E9E004C71F6 /* String */,
				88169DBF2C2C1830004C71F6 /* Products */,
			);
			sourceTree = "<group>";
		};
		88169DBF2C2C1830004C71F6 /* Products */ = {
			isa = PBXGroup;
			children = (
				88169DCC2C2C1841004C71F6 /* Array */,
				88169DD72C2C1E7A004C71F6 /* Multi-Dimentional Array */,
				88169DE22C2C230B004C71F6 /* Pointer */,
				88169DED2C2C2E9E004C71F6 /* String */,
				886A4B312C393CF900D7A2A1 /* Constant Pointer */,
				88B54C262C48E52C004835A3 /* Pointer Calculation */,
				88B54C312C48EAB4004835A3 /* Pointer in Array */,
			);
			name = Products;
			sourceTree = "<group>";
		};
		88169DCD2C2C1841004C71F6 /* Array */ = {
			isa = PBXGroup;
			children = (
				88169DCE2C2C1841004C71F6 /* main.c */,
			);
			path = Array;
			sourceTree = "<group>";
		};
		88169DD82C2C1E7A004C71F6 /* Multi-Dimentional Array */ = {
			isa = PBXGroup;
			children = (
				88169DD92C2C1E7A004C71F6 /* main.c */,
			);
			path = "Multi-Dimentional Array";
			sourceTree = "<group>";
		};
		88169DE32C2C230B004C71F6 /* Pointer */ = {
			isa = PBXGroup;
			children = (
				886A4B322C393CF900D7A2A1 /* Constant Pointer */,
				88B54C272C48E52C004835A3 /* Pointer Calculation */,
				88B54C322C48EAB4004835A3 /* Pointer in Array */,
				88169DE42C2C230B004C71F6 /* main.c */,
			);
			path = Pointer;
			sourceTree = "<group>";
		};
		88169DEE2C2C2E9E004C71F6 /* String */ = {
			isa = PBXGroup;
			children = (
				88169DEF2C2C2E9E004C71F6 /* main.c */,
			);
			path = String;
			sourceTree = "<group>";
		};
		886A4B322C393CF900D7A2A1 /* Constant Pointer */ = {
			isa = PBXGroup;
			children = (
				886A4B332C393CF900D7A2A1 /* main.c */,
			);
			path = "Constant Pointer";
			sourceTree = "<group>";
		};
		88B54C272C48E52C004835A3 /* Pointer Calculation */ = {
			isa = PBXGroup;
			children = (
				88B54C282C48E52C004835A3 /* main.c */,
			);
			path = "Pointer Calculation";
			sourceTree = "<group>";
		};
		88B54C322C48EAB4004835A3 /* Pointer in Array */ = {
			isa = PBXGroup;
			children = (
				88B54C332C48EAB4004835A3 /* main.c */,
			);
			path = "Pointer in Array";
			sourceTree = "<group>";
		};
/* End PBXGroup section */

/* Begin PBXNativeTarget section */
		88169DCB2C2C1841004C71F6 /* Array */ = {
			isa = PBXNativeTarget;
			buildConfigurationList = 88169DD02C2C1841004C71F6 /* Build configuration list for PBXNativeTarget "Array" */;
			buildPhases = (
				88169DC82C2C1841004C71F6 /* Sources */,
				88169DC92C2C1841004C71F6 /* Frameworks */,
				88169DCA2C2C1841004C71F6 /* CopyFiles */,
			);
			buildRules = (
			);
			dependencies = (
			);
			name = Array;
			productName = Array;
			productReference = 88169DCC2C2C1841004C71F6 /* Array */;
			productType = "com.apple.product-type.tool";
		};
		88169DD62C2C1E7A004C71F6 /* Multi-Dimentional Array */ = {
			isa = PBXNativeTarget;
			buildConfigurationList = 88169DDB2C2C1E7A004C71F6 /* Build configuration list for PBXNativeTarget "Multi-Dimentional Array" */;
			buildPhases = (
				88169DD32C2C1E7A004C71F6 /* Sources */,
				88169DD42C2C1E7A004C71F6 /* Frameworks */,
				88169DD52C2C1E7A004C71F6 /* CopyFiles */,
			);
			buildRules = (
			);
			dependencies = (
			);
			name = "Multi-Dimentional Array";
			productName = "Multi-Dimentional Array";
			productReference = 88169DD72C2C1E7A004C71F6 /* Multi-Dimentional Array */;
			productType = "com.apple.product-type.tool";
		};
		88169DE12C2C230B004C71F6 /* Pointer */ = {
			isa = PBXNativeTarget;
			buildConfigurationList = 88169DE62C2C230B004C71F6 /* Build configuration list for PBXNativeTarget "Pointer" */;
			buildPhases = (
				88169DDE2C2C230B004C71F6 /* Sources */,
				88169DDF2C2C230B004C71F6 /* Frameworks */,
				88169DE02C2C230B004C71F6 /* CopyFiles */,
			);
			buildRules = (
			);
			dependencies = (
			);
			name = Pointer;
			productName = Pointer;
			productReference = 88169DE22C2C230B004C71F6 /* Pointer */;
			productType = "com.apple.product-type.tool";
		};
		88169DEC2C2C2E9E004C71F6 /* String */ = {
			isa = PBXNativeTarget;
			buildConfigurationList = 88169DF12C2C2E9E004C71F6 /* Build configuration list for PBXNativeTarget "String" */;
			buildPhases = (
				88169DE92C2C2E9E004C71F6 /* Sources */,
				88169DEA2C2C2E9E004C71F6 /* Frameworks */,
				88169DEB2C2C2E9E004C71F6 /* CopyFiles */,
			);
			buildRules = (
			);
			dependencies = (
			);
			name = String;
			productName = String;
			productReference = 88169DED2C2C2E9E004C71F6 /* String */;
			productType = "com.apple.product-type.tool";
		};
		886A4B302C393CF900D7A2A1 /* Constant Pointer */ = {
			isa = PBXNativeTarget;
			buildConfigurationList = 886A4B372C393CF900D7A2A1 /* Build configuration list for PBXNativeTarget "Constant Pointer" */;
			buildPhases = (
				886A4B2D2C393CF900D7A2A1 /* Sources */,
				886A4B2E2C393CF900D7A2A1 /* Frameworks */,
				886A4B2F2C393CF900D7A2A1 /* CopyFiles */,
			);
			buildRules = (
			);
			dependencies = (
			);
			name = "Constant Pointer";
			productName = "Constant Pointer";
			productReference = 886A4B312C393CF900D7A2A1 /* Constant Pointer */;
			productType = "com.apple.product-type.tool";
		};
		88B54C252C48E52C004835A3 /* Pointer Calculation */ = {
			isa = PBXNativeTarget;
			buildConfigurationList = 88B54C2C2C48E52C004835A3 /* Build configuration list for PBXNativeTarget "Pointer Calculation" */;
			buildPhases = (
				88B54C222C48E52C004835A3 /* Sources */,
				88B54C232C48E52C004835A3 /* Frameworks */,
				88B54C242C48E52C004835A3 /* CopyFiles */,
			);
			buildRules = (
			);
			dependencies = (
			);
			name = "Pointer Calculation";
			productName = "Pointer Calculation";
			productReference = 88B54C262C48E52C004835A3 /* Pointer Calculation */;
			productType = "com.apple.product-type.tool";
		};
		88B54C302C48EAB4004835A3 /* Pointer in Array */ = {
			isa = PBXNativeTarget;
			buildConfigurationList = 88B54C352C48EAB4004835A3 /* Build configuration list for PBXNativeTarget "Pointer in Array" */;
			buildPhases = (
				88B54C2D2C48EAB4004835A3 /* Sources */,
				88B54C2E2C48EAB4004835A3 /* Frameworks */,
				88B54C2F2C48EAB4004835A3 /* CopyFiles */,
			);
			buildRules = (
			);
			dependencies = (
			);
			name = "Pointer in Array";
			productName = "Pointer in Array";
			productReference = 88B54C312C48EAB4004835A3 /* Pointer in Array */;
			productType = "com.apple.product-type.tool";
		};
/* End PBXNativeTarget section */

/* Begin PBXProject section */
		88169DB62C2C1830004C71F6 /* Project object */ = {
			isa = PBXProject;
			attributes = {
				BuildIndependentTargetsInParallel = 1;
				LastUpgradeCheck = 1540;
				TargetAttributes = {
					88169DCB2C2C1841004C71F6 = {
						CreatedOnToolsVersion = 15.4;
					};
					88169DD62C2C1E7A004C71F6 = {
						CreatedOnToolsVersion = 15.4;
					};
					88169DE12C2C230B004C71F6 = {
						CreatedOnToolsVersion = 15.4;
					};
					88169DEC2C2C2E9E004C71F6 = {
						CreatedOnToolsVersion = 15.4;
					};
					886A4B302C393CF900D7A2A1 = {
						CreatedOnToolsVersion = 15.4;
					};
					88B54C252C48E52C004835A3 = {
						CreatedOnToolsVersion = 15.4;
					};
					88B54C302C48EAB4004835A3 = {
						CreatedOnToolsVersion = 15.4;
					};
				};
			};
			buildConfigurationList = 88169DB92C2C1830004C71F6 /* Build configuration list for PBXProject "C" */;
			compatibilityVersion = "Xcode 14.0";
			developmentRegion = en;
			hasScannedForEncodings = 0;
			knownRegions = (
				en,
				Base,
			);
			mainGroup = 88169DB52C2C1830004C71F6;
			productRefGroup = 88169DBF2C2C1830004C71F6 /* Products */;
			projectDirPath = "";
			projectRoot = "";
			targets = (
				88169DCB2C2C1841004C71F6 /* Array */,
				88169DD62C2C1E7A004C71F6 /* Multi-Dimentional Array */,
				88169DE12C2C230B004C71F6 /* Pointer */,
				88169DEC2C2C2E9E004C71F6 /* String */,
				886A4B302C393CF900D7A2A1 /* Constant Pointer */,
				88B54C252C48E52C004835A3 /* Pointer Calculation */,
				88B54C302C48EAB4004835A3 /* Pointer in Array */,
			);
		};
/* End PBXProject section */

/* Begin PBXSourcesBuildPhase section */
		88169DC82C2C1841004C71F6 /* Sources */ = {
			isa = PBXSourcesBuildPhase;
			buildActionMask = 2147483647;
			files = (
				88169DCF2C2C1841004C71F6 /* main.c in Sources */,
			);
			runOnlyForDeploymentPostprocessing = 0;
		};
		88169DD32C2C1E7A004C71F6 /* Sources */ = {
			isa = PBXSourcesBuildPhase;
			buildActionMask = 2147483647;
			files = (
				88169DDA2C2C1E7A004C71F6 /* main.c in Sources */,
			);
			runOnlyForDeploymentPostprocessing = 0;
		};
		88169DDE2C2C230B004C71F6 /* Sources */ = {
			isa = PBXSourcesBuildPhase;
			buildActionMask = 2147483647;
			files = (
				88169DE52C2C230B004C71F6 /* main.c in Sources */,
			);
			runOnlyForDeploymentPostprocessing = 0;
		};
		88169DE92C2C2E9E004C71F6 /* Sources */ = {
			isa = PBXSourcesBuildPhase;
			buildActionMask = 2147483647;
			files = (
				88169DF02C2C2E9E004C71F6 /* main.c in Sources */,
			);
			runOnlyForDeploymentPostprocessing = 0;
		};
		886A4B2D2C393CF900D7A2A1 /* Sources */ = {
			isa = PBXSourcesBuildPhase;
			buildActionMask = 2147483647;
			files = (
				886A4B342C393CF900D7A2A1 /* main.c in Sources */,
			);
			runOnlyForDeploymentPostprocessing = 0;
		};
		88B54C222C48E52C004835A3 /* Sources */ = {
			isa = PBXSourcesBuildPhase;
			buildActionMask = 2147483647;
			files = (
				88B54C292C48E52C004835A3 /* main.c in Sources */,
			);
			runOnlyForDeploymentPostprocessing = 0;
		};
		88B54C2D2C48EAB4004835A3 /* Sources */ = {
			isa = PBXSourcesBuildPhase;
			buildActionMask = 2147483647;
			files = (
				88B54C342C48EAB4004835A3 /* main.c in Sources */,
			);
			runOnlyForDeploymentPostprocessing = 0;
		};
/* End PBXSourcesBuildPhase section */

/* Begin XCBuildConfiguration section */
		88169DC32C2C1830004C71F6 /* Debug */ = {
			isa = XCBuildConfiguration;
			buildSettings = {
				ALWAYS_SEARCH_USER_PATHS = NO;
				ASSETCATALOG_COMPILER_GENERATE_SWIFT_ASSET_SYMBOL_EXTENSIONS = YES;
				CLANG_ANALYZER_NONNULL = YES;
				CLANG_ANALYZER_NUMBER_OBJECT_CONVERSION = YES_AGGRESSIVE;
				CLANG_CXX_LANGUAGE_STANDARD = "gnu++20";
				CLANG_ENABLE_MODULES = YES;
				CLANG_ENABLE_OBJC_ARC = YES;
				CLANG_ENABLE_OBJC_WEAK = YES;
				CLANG_WARN_BLOCK_CAPTURE_AUTORELEASING = YES;
				CLANG_WARN_BOOL_CONVERSION = YES;
				CLANG_WARN_COMMA = YES;
				CLANG_WARN_CONSTANT_CONVERSION = YES;
				CLANG_WARN_DEPRECATED_OBJC_IMPLEMENTATIONS = YES;
				CLANG_WARN_DIRECT_OBJC_ISA_USAGE = YES_ERROR;
				CLANG_WARN_DOCUMENTATION_COMMENTS = YES;
				CLANG_WARN_EMPTY_BODY = YES;
				CLANG_WARN_ENUM_CONVERSION = YES;
				CLANG_WARN_INFINITE_RECURSION = YES;
				CLANG_WARN_INT_CONVERSION = YES;
				CLANG_WARN_NON_LITERAL_NULL_CONVERSION = YES;
				CLANG_WARN_OBJC_IMPLICIT_RETAIN_SELF = YES;
				CLANG_WARN_OBJC_LITERAL_CONVERSION = YES;
				CLANG_WARN_OBJC_ROOT_CLASS = YES_ERROR;
				CLANG_WARN_QUOTED_INCLUDE_IN_FRAMEWORK_HEADER = YES;
				CLANG_WARN_RANGE_LOOP_ANALYSIS = YES;
				CLANG_WARN_STRICT_PROTOTYPES = YES;
				CLANG_WARN_SUSPICIOUS_MOVE = YES;
				CLANG_WARN_UNGUARDED_AVAILABILITY = YES_AGGRESSIVE;
				CLANG_WARN_UNREACHABLE_CODE = YES;
				CLANG_WARN__DUPLICATE_METHOD_MATCH = YES;
				COPY_PHASE_STRIP = NO;
				DEBUG_INFORMATION_FORMAT = dwarf;
				ENABLE_STRICT_OBJC_MSGSEND = YES;
				ENABLE_TESTABILITY = YES;
				ENABLE_USER_SCRIPT_SANDBOXING = YES;
				GCC_C_LANGUAGE_STANDARD = gnu17;
				GCC_DYNAMIC_NO_PIC = NO;
				GCC_NO_COMMON_BLOCKS = YES;
				GCC_OPTIMIZATION_LEVEL = 0;
				GCC_PREPROCESSOR_DEFINITIONS = (
					"DEBUG=1",
					"$(inherited)",
				);
				GCC_WARN_64_TO_32_BIT_CONVERSION = YES;
				GCC_WARN_ABOUT_RETURN_TYPE = YES_ERROR;
				GCC_WARN_UNDECLARED_SELECTOR = YES;
				GCC_WARN_UNINITIALIZED_AUTOS = YES_AGGRESSIVE;
				GCC_WARN_UNUSED_FUNCTION = YES;
				GCC_WARN_UNUSED_VARIABLE = YES;
				LOCALIZATION_PREFERS_STRING_CATALOGS = YES;
				MACOSX_DEPLOYMENT_TARGET = 14.5;
				MTL_ENABLE_DEBUG_INFO = INCLUDE_SOURCE;
				MTL_FAST_MATH = YES;
				ONLY_ACTIVE_ARCH = YES;
				SDKROOT = macosx;
			};
			name = Debug;
		};
		88169DC42C2C1830004C71F6 /* Release */ = {
			isa = XCBuildConfiguration;
			buildSettings = {
				ALWAYS_SEARCH_USER_PATHS = NO;
				ASSETCATALOG_COMPILER_GENERATE_SWIFT_ASSET_SYMBOL_EXTENSIONS = YES;
				CLANG_ANALYZER_NONNULL = YES;
				CLANG_ANALYZER_NUMBER_OBJECT_CONVERSION = YES_AGGRESSIVE;
				CLANG_CXX_LANGUAGE_STANDARD = "gnu++20";
				CLANG_ENABLE_MODULES = YES;
				CLANG_ENABLE_OBJC_ARC = YES;
				CLANG_ENABLE_OBJC_WEAK = YES;
				CLANG_WARN_BLOCK_CAPTURE_AUTORELEASING = YES;
				CLANG_WARN_BOOL_CONVERSION = YES;
				CLANG_WARN_COMMA = YES;
				CLANG_WARN_CONSTANT_CONVERSION = YES;
				CLANG_WARN_DEPRECATED_OBJC_IMPLEMENTATIONS = YES;
				CLANG_WARN_DIRECT_OBJC_ISA_USAGE = YES_ERROR;
				CLANG_WARN_DOCUMENTATION_COMMENTS = YES;
				CLANG_WARN_EMPTY_BODY = YES;
				CLANG_WARN_ENUM_CONVERSION = YES;
				CLANG_WARN_INFINITE_RECURSION = YES;
				CLANG_WARN_INT_CONVERSION = YES;
				CLANG_WARN_NON_LITERAL_NULL_CONVERSION = YES;
				CLANG_WARN_OBJC_IMPLICIT_RETAIN_SELF = YES;
				CLANG_WARN_OBJC_LITERAL_CONVERSION = YES;
				CLANG_WARN_OBJC_ROOT_CLASS = YES_ERROR;
				CLANG_WARN_QUOTED_INCLUDE_IN_FRAMEWORK_HEADER = YES;
				CLANG_WARN_RANGE_LOOP_ANALYSIS = YES;
				CLANG_WARN_STRICT_PROTOTYPES = YES;
				CLANG_WARN_SUSPICIOUS_MOVE = YES;
				CLANG_WARN_UNGUARDED_AVAILABILITY = YES_AGGRESSIVE;
				CLANG_WARN_UNREACHABLE_CODE = YES;
				CLANG_WARN__DUPLICATE_METHOD_MATCH = YES;
				COPY_PHASE_STRIP = NO;
				DEBUG_INFORMATION_FORMAT = "dwarf-with-dsym";
				ENABLE_NS_ASSERTIONS = NO;
				ENABLE_STRICT_OBJC_MSGSEND = YES;
				ENABLE_USER_SCRIPT_SANDBOXING = YES;
				GCC_C_LANGUAGE_STANDARD = gnu17;
				GCC_NO_COMMON_BLOCKS = YES;
				GCC_WARN_64_TO_32_BIT_CONVERSION = YES;
				GCC_WARN_ABOUT_RETURN_TYPE = YES_ERROR;
				GCC_WARN_UNDECLARED_SELECTOR = YES;
				GCC_WARN_UNINITIALIZED_AUTOS = YES_AGGRESSIVE;
				GCC_WARN_UNUSED_FUNCTION = YES;
				GCC_WARN_UNUSED_VARIABLE = YES;
				LOCALIZATION_PREFERS_STRING_CATALOGS = YES;
				MACOSX_DEPLOYMENT_TARGET = 14.5;
				MTL_ENABLE_DEBUG_INFO = NO;
				MTL_FAST_MATH = YES;
				SDKROOT = macosx;
			};
			name = Release;
		};
		88169DD12C2C1841004C71F6 /* Debug */ = {
			isa = XCBuildConfiguration;
			buildSettings = {
				CODE_SIGN_STYLE = Automatic;
				DEVELOPMENT_TEAM = PS2475WLUX;
				ENABLE_HARDENED_RUNTIME = YES;
				PRODUCT_NAME = "$(TARGET_NAME)";
			};
			name = Debug;
		};
		88169DD22C2C1841004C71F6 /* Release */ = {
			isa = XCBuildConfiguration;
			buildSettings = {
				CODE_SIGN_STYLE = Automatic;
				DEVELOPMENT_TEAM = PS2475WLUX;
				ENABLE_HARDENED_RUNTIME = YES;
				PRODUCT_NAME = "$(TARGET_NAME)";
			};
			name = Release;
		};
		88169DDC2C2C1E7A004C71F6 /* Debug */ = {
			isa = XCBuildConfiguration;
			buildSettings = {
				CODE_SIGN_STYLE = Automatic;
				DEVELOPMENT_TEAM = PS2475WLUX;
				ENABLE_HARDENED_RUNTIME = YES;
				PRODUCT_NAME = "$(TARGET_NAME)";
			};
			name = Debug;
		};
		88169DDD2C2C1E7A004C71F6 /* Release */ = {
			isa = XCBuildConfiguration;
			buildSettings = {
				CODE_SIGN_STYLE = Automatic;
				DEVELOPMENT_TEAM = PS2475WLUX;
				ENABLE_HARDENED_RUNTIME = YES;
				PRODUCT_NAME = "$(TARGET_NAME)";
			};
			name = Release;
		};
		88169DE72C2C230B004C71F6 /* Debug */ = {
			isa = XCBuildConfiguration;
			buildSettings = {
				CODE_SIGN_STYLE = Automatic;
				DEVELOPMENT_TEAM = PS2475WLUX;
				ENABLE_HARDENED_RUNTIME = YES;
				PRODUCT_NAME = "$(TARGET_NAME)";
			};
			name = Debug;
		};
		88169DE82C2C230B004C71F6 /* Release */ = {
			isa = XCBuildConfiguration;
			buildSettings = {
				CODE_SIGN_STYLE = Automatic;
				DEVELOPMENT_TEAM = PS2475WLUX;
				ENABLE_HARDENED_RUNTIME = YES;
				PRODUCT_NAME = "$(TARGET_NAME)";
			};
			name = Release;
		};
		88169DF22C2C2E9E004C71F6 /* Debug */ = {
			isa = XCBuildConfiguration;
			buildSettings = {
				CODE_SIGN_STYLE = Automatic;
				DEVELOPMENT_TEAM = PS2475WLUX;
				ENABLE_HARDENED_RUNTIME = YES;
				PRODUCT_NAME = "$(TARGET_NAME)";
			};
			name = Debug;
		};
		88169DF32C2C2E9E004C71F6 /* Release */ = {
			isa = XCBuildConfiguration;
			buildSettings = {
				CODE_SIGN_STYLE = Automatic;
				DEVELOPMENT_TEAM = PS2475WLUX;
				ENABLE_HARDENED_RUNTIME = YES;
				PRODUCT_NAME = "$(TARGET_NAME)";
			};
			name = Release;
		};
		886A4B352C393CF900D7A2A1 /* Debug */ = {
			isa = XCBuildConfiguration;
			buildSettings = {
				CODE_SIGN_STYLE = Automatic;
				DEVELOPMENT_TEAM = PS2475WLUX;
				ENABLE_HARDENED_RUNTIME = YES;
				PRODUCT_NAME = "$(TARGET_NAME)";
			};
			name = Debug;
		};
		886A4B362C393CF900D7A2A1 /* Release */ = {
			isa = XCBuildConfiguration;
			buildSettings = {
				CODE_SIGN_STYLE = Automatic;
				DEVELOPMENT_TEAM = PS2475WLUX;
				ENABLE_HARDENED_RUNTIME = YES;
				PRODUCT_NAME = "$(TARGET_NAME)";
			};
			name = Release;
		};
		88B54C2A2C48E52C004835A3 /* Debug */ = {
			isa = XCBuildConfiguration;
			buildSettings = {
				CODE_SIGN_STYLE = Automatic;
				DEVELOPMENT_TEAM = PS2475WLUX;
				ENABLE_HARDENED_RUNTIME = YES;
				PRODUCT_NAME = "$(TARGET_NAME)";
			};
			name = Debug;
		};
		88B54C2B2C48E52C004835A3 /* Release */ = {
			isa = XCBuildConfiguration;
			buildSettings = {
				CODE_SIGN_STYLE = Automatic;
				DEVELOPMENT_TEAM = PS2475WLUX;
				ENABLE_HARDENED_RUNTIME = YES;
				PRODUCT_NAME = "$(TARGET_NAME)";
			};
			name = Release;
		};
		88B54C362C48EAB4004835A3 /* Debug */ = {
			isa = XCBuildConfiguration;
			buildSettings = {
				CODE_SIGN_STYLE = Automatic;
				DEVELOPMENT_TEAM = PS2475WLUX;
				ENABLE_HARDENED_RUNTIME = YES;
				PRODUCT_NAME = "$(TARGET_NAME)";
			};
			name = Debug;
		};
		88B54C372C48EAB4004835A3 /* Release */ = {
			isa = XCBuildConfiguration;
			buildSettings = {
				CODE_SIGN_STYLE = Automatic;
				DEVELOPMENT_TEAM = PS2475WLUX;
				ENABLE_HARDENED_RUNTIME = YES;
				PRODUCT_NAME = "$(TARGET_NAME)";
			};
			name = Release;
		};
/* End XCBuildConfiguration section */

/* Begin XCConfigurationList section */
		88169DB92C2C1830004C71F6 /* Build configuration list for PBXProject "C" */ = {
			isa = XCConfigurationList;
			buildConfigurations = (
				88169DC32C2C1830004C71F6 /* Debug */,
				88169DC42C2C1830004C71F6 /* Release */,
			);
			defaultConfigurationIsVisible = 0;
			defaultConfigurationName = Release;
		};
		88169DD02C2C1841004C71F6 /* Build configuration list for PBXNativeTarget "Array" */ = {
			isa = XCConfigurationList;
			buildConfigurations = (
				88169DD12C2C1841004C71F6 /* Debug */,
				88169DD22C2C1841004C71F6 /* Release */,
			);
			defaultConfigurationIsVisible = 0;
			defaultConfigurationName = Release;
		};
		88169DDB2C2C1E7A004C71F6 /* Build configuration list for PBXNativeTarget "Multi-Dimentional Array" */ = {
			isa = XCConfigurationList;
			buildConfigurations = (
				88169DDC2C2C1E7A004C71F6 /* Debug */,
				88169DDD2C2C1E7A004C71F6 /* Release */,
			);
			defaultConfigurationIsVisible = 0;
			defaultConfigurationName = Release;
		};
		88169DE62C2C230B004C71F6 /* Build configuration list for PBXNativeTarget "Pointer" */ = {
			isa = XCConfigurationList;
			buildConfigurations = (
				88169DE72C2C230B004C71F6 /* Debug */,
				88169DE82C2C230B004C71F6 /* Release */,
			);
			defaultConfigurationIsVisible = 0;
			defaultConfigurationName = Release;
		};
		88169DF12C2C2E9E004C71F6 /* Build configuration list for PBXNativeTarget "String" */ = {
			isa = XCConfigurationList;
			buildConfigurations = (
				88169DF22C2C2E9E004C71F6 /* Debug */,
				88169DF32C2C2E9E004C71F6 /* Release */,
			);
			defaultConfigurationIsVisible = 0;
			defaultConfigurationName = Release;
		};
		886A4B372C393CF900D7A2A1 /* Build configuration list for PBXNativeTarget "Constant Pointer" */ = {
			isa = XCConfigurationList;
			buildConfigurations = (
				886A4B352C393CF900D7A2A1 /* Debug */,
				886A4B362C393CF900D7A2A1 /* Release */,
			);
			defaultConfigurationIsVisible = 0;
			defaultConfigurationName = Release;
		};
		88B54C2C2C48E52C004835A3 /* Build configuration list for PBXNativeTarget "Pointer Calculation" */ = {
			isa = XCConfigurationList;
			buildConfigurations = (
				88B54C2A2C48E52C004835A3 /* Debug */,
				88B54C2B2C48E52C004835A3 /* Release */,
			);
			defaultConfigurationIsVisible = 0;
			defaultConfigurationName = Release;
		};
		88B54C352C48EAB4004835A3 /* Build configuration list for PBXNativeTarget "Pointer in Array" */ = {
			isa = XCConfigurationList;
			buildConfigurations = (
				88B54C362C48EAB4004835A3 /* Debug */,
				88B54C372C48EAB4004835A3 /* Release */,
			);
			defaultConfigurationIsVisible = 0;
			defaultConfigurationName = Release;
		};
/* End XCConfigurationList section */
	};
	rootObject = 88169DB62C2C1830004C71F6 /* Project object */;
}
