// !$*UTF8*$!
{
	archiveVersion = 1;
	classes = {
	};
	objectVersion = 77;
	objects = {

/* Begin PBXCopyFilesBuildPhase section */
		880A12872D38D5EA00C740DB /* CopyFiles */ = {
			isa = PBXCopyFilesBuildPhase;
			buildActionMask = 2147483647;
			dstPath = /usr/share/man/man1/;
			dstSubfolderSpec = 0;
			files = (
			);
			runOnlyForDeploymentPostprocessing = 1;
		};
		8818912C2D3ABF7C00581991 /* CopyFiles */ = {
			isa = PBXCopyFilesBuildPhase;
			buildActionMask = 2147483647;
			dstPath = /usr/share/man/man1/;
			dstSubfolderSpec = 0;
			files = (
			);
			runOnlyForDeploymentPostprocessing = 1;
		};
		8818913D2D3ACBE200581991 /* CopyFiles */ = {
			isa = PBXCopyFilesBuildPhase;
			buildActionMask = 2147483647;
			dstPath = /usr/share/man/man1/;
			dstSubfolderSpec = 0;
			files = (
			);
			runOnlyForDeploymentPostprocessing = 1;
		};
		88F575792D3E080E0064EDCA /* CopyFiles */ = {
			isa = PBXCopyFilesBuildPhase;
			buildActionMask = 2147483647;
			dstPath = /usr/share/man/man1/;
			dstSubfolderSpec = 0;
			files = (
			);
			runOnlyForDeploymentPostprocessing = 1;
		};
/* End PBXCopyFilesBuildPhase section */

/* Begin PBXFileReference section */
		880A12892D38D5EA00C740DB /* for_statement */ = {isa = PBXFileReference; explicitFileType = "compiled.mach-o.executable"; includeInIndex = 0; path = for_statement; sourceTree = BUILT_PRODUCTS_DIR; };
		8818912E2D3ABF7C00581991 /* while_statement */ = {isa = PBXFileReference; explicitFileType = "compiled.mach-o.executable"; includeInIndex = 0; path = while_statement; sourceTree = BUILT_PRODUCTS_DIR; };
		8818913F2D3ACBE200581991 /* if_statement */ = {isa = PBXFileReference; explicitFileType = "compiled.mach-o.executable"; includeInIndex = 0; path = if_statement; sourceTree = BUILT_PRODUCTS_DIR; };
		88F5757B2D3E080E0064EDCA /* reference */ = {isa = PBXFileReference; explicitFileType = "compiled.mach-o.executable"; includeInIndex = 0; path = reference; sourceTree = BUILT_PRODUCTS_DIR; };
/* End PBXFileReference section */

/* Begin PBXFileSystemSynchronizedRootGroup section */
		880A128A2D38D5EA00C740DB /* for_statement */ = {
			isa = PBXFileSystemSynchronizedRootGroup;
			path = for_statement;
			sourceTree = "<group>";
		};
		8818912F2D3ABF7C00581991 /* while_statement */ = {
			isa = PBXFileSystemSynchronizedRootGroup;
			path = while_statement;
			sourceTree = "<group>";
		};
		881891402D3ACBE200581991 /* if_statement */ = {
			isa = PBXFileSystemSynchronizedRootGroup;
			path = if_statement;
			sourceTree = "<group>";
		};
		88F5757C2D3E080E0064EDCA /* reference */ = {
			isa = PBXFileSystemSynchronizedRootGroup;
			path = reference;
			sourceTree = "<group>";
		};
/* End PBXFileSystemSynchronizedRootGroup section */

/* Begin PBXFrameworksBuildPhase section */
		880A12862D38D5EA00C740DB /* Frameworks */ = {
			isa = PBXFrameworksBuildPhase;
			buildActionMask = 2147483647;
			files = (
			);
			runOnlyForDeploymentPostprocessing = 0;
		};
		8818912B2D3ABF7C00581991 /* Frameworks */ = {
			isa = PBXFrameworksBuildPhase;
			buildActionMask = 2147483647;
			files = (
			);
			runOnlyForDeploymentPostprocessing = 0;
		};
		8818913C2D3ACBE200581991 /* Frameworks */ = {
			isa = PBXFrameworksBuildPhase;
			buildActionMask = 2147483647;
			files = (
			);
			runOnlyForDeploymentPostprocessing = 0;
		};
		88F575782D3E080E0064EDCA /* Frameworks */ = {
			isa = PBXFrameworksBuildPhase;
			buildActionMask = 2147483647;
			files = (
			);
			runOnlyForDeploymentPostprocessing = 0;
		};
/* End PBXFrameworksBuildPhase section */

/* Begin PBXGroup section */
		880A12702D38D53E00C740DB = {
			isa = PBXGroup;
			children = (
				880A128A2D38D5EA00C740DB /* for_statement */,
				8818912F2D3ABF7C00581991 /* while_statement */,
				881891402D3ACBE200581991 /* if_statement */,
				88F5757C2D3E080E0064EDCA /* reference */,
				880A127A2D38D53F00C740DB /* Products */,
			);
			sourceTree = "<group>";
		};
		880A127A2D38D53F00C740DB /* Products */ = {
			isa = PBXGroup;
			children = (
				880A12892D38D5EA00C740DB /* for_statement */,
				8818912E2D3ABF7C00581991 /* while_statement */,
				8818913F2D3ACBE200581991 /* if_statement */,
				88F5757B2D3E080E0064EDCA /* reference */,
			);
			name = Products;
			sourceTree = "<group>";
		};
/* End PBXGroup section */

/* Begin PBXNativeTarget section */
		880A12882D38D5EA00C740DB /* for_statement */ = {
			isa = PBXNativeTarget;
			buildConfigurationList = 880A128D2D38D5EA00C740DB /* Build configuration list for PBXNativeTarget "for_statement" */;
			buildPhases = (
				880A12852D38D5EA00C740DB /* Sources */,
				880A12862D38D5EA00C740DB /* Frameworks */,
				880A12872D38D5EA00C740DB /* CopyFiles */,
			);
			buildRules = (
			);
			dependencies = (
			);
			fileSystemSynchronizedGroups = (
				880A128A2D38D5EA00C740DB /* for_statement */,
			);
			name = for_statement;
			packageProductDependencies = (
			);
			productName = for_statement;
			productReference = 880A12892D38D5EA00C740DB /* for_statement */;
			productType = "com.apple.product-type.tool";
		};
		8818912D2D3ABF7C00581991 /* while_statement */ = {
			isa = PBXNativeTarget;
			buildConfigurationList = 881891322D3ABF7C00581991 /* Build configuration list for PBXNativeTarget "while_statement" */;
			buildPhases = (
				8818912A2D3ABF7C00581991 /* Sources */,
				8818912B2D3ABF7C00581991 /* Frameworks */,
				8818912C2D3ABF7C00581991 /* CopyFiles */,
			);
			buildRules = (
			);
			dependencies = (
			);
			fileSystemSynchronizedGroups = (
				8818912F2D3ABF7C00581991 /* while_statement */,
			);
			name = while_statement;
			packageProductDependencies = (
			);
			productName = while_statement;
			productReference = 8818912E2D3ABF7C00581991 /* while_statement */;
			productType = "com.apple.product-type.tool";
		};
		8818913E2D3ACBE200581991 /* if_statement */ = {
			isa = PBXNativeTarget;
			buildConfigurationList = 881891432D3ACBE200581991 /* Build configuration list for PBXNativeTarget "if_statement" */;
			buildPhases = (
				8818913B2D3ACBE200581991 /* Sources */,
				8818913C2D3ACBE200581991 /* Frameworks */,
				8818913D2D3ACBE200581991 /* CopyFiles */,
			);
			buildRules = (
			);
			dependencies = (
			);
			fileSystemSynchronizedGroups = (
				881891402D3ACBE200581991 /* if_statement */,
			);
			name = if_statement;
			packageProductDependencies = (
			);
			productName = if_statement;
			productReference = 8818913F2D3ACBE200581991 /* if_statement */;
			productType = "com.apple.product-type.tool";
		};
		88F5757A2D3E080E0064EDCA /* reference */ = {
			isa = PBXNativeTarget;
			buildConfigurationList = 88F575812D3E080E0064EDCA /* Build configuration list for PBXNativeTarget "reference" */;
			buildPhases = (
				88F575772D3E080E0064EDCA /* Sources */,
				88F575782D3E080E0064EDCA /* Frameworks */,
				88F575792D3E080E0064EDCA /* CopyFiles */,
			);
			buildRules = (
			);
			dependencies = (
			);
			fileSystemSynchronizedGroups = (
				88F5757C2D3E080E0064EDCA /* reference */,
			);
			name = reference;
			packageProductDependencies = (
			);
			productName = reference;
			productReference = 88F5757B2D3E080E0064EDCA /* reference */;
			productType = "com.apple.product-type.tool";
		};
/* End PBXNativeTarget section */

/* Begin PBXProject section */
		880A12712D38D53F00C740DB /* Project object */ = {
			isa = PBXProject;
			attributes = {
				BuildIndependentTargetsInParallel = 1;
				LastUpgradeCheck = 1620;
				TargetAttributes = {
					880A12882D38D5EA00C740DB = {
						CreatedOnToolsVersion = 16.2;
					};
					8818912D2D3ABF7C00581991 = {
						CreatedOnToolsVersion = 16.2;
					};
					8818913E2D3ACBE200581991 = {
						CreatedOnToolsVersion = 16.2;
					};
					88F5757A2D3E080E0064EDCA = {
						CreatedOnToolsVersion = 16.2;
					};
				};
			};
			buildConfigurationList = 880A12742D38D53F00C740DB /* Build configuration list for PBXProject "Clang" */;
			developmentRegion = en;
			hasScannedForEncodings = 0;
			knownRegions = (
				en,
				Base,
			);
			mainGroup = 880A12702D38D53E00C740DB;
			minimizedProjectReferenceProxies = 1;
			preferredProjectObjectVersion = 77;
			productRefGroup = 880A127A2D38D53F00C740DB /* Products */;
			projectDirPath = "";
			projectRoot = "";
			targets = (
				880A12882D38D5EA00C740DB /* for_statement */,
				8818912D2D3ABF7C00581991 /* while_statement */,
				8818913E2D3ACBE200581991 /* if_statement */,
				88F5757A2D3E080E0064EDCA /* reference */,
			);
		};
/* End PBXProject section */

/* Begin PBXSourcesBuildPhase section */
		880A12852D38D5EA00C740DB /* Sources */ = {
			isa = PBXSourcesBuildPhase;
			buildActionMask = 2147483647;
			files = (
			);
			runOnlyForDeploymentPostprocessing = 0;
		};
		8818912A2D3ABF7C00581991 /* Sources */ = {
			isa = PBXSourcesBuildPhase;
			buildActionMask = 2147483647;
			files = (
			);
			runOnlyForDeploymentPostprocessing = 0;
		};
		8818913B2D3ACBE200581991 /* Sources */ = {
			isa = PBXSourcesBuildPhase;
			buildActionMask = 2147483647;
			files = (
			);
			runOnlyForDeploymentPostprocessing = 0;
		};
		88F575772D3E080E0064EDCA /* Sources */ = {
			isa = PBXSourcesBuildPhase;
			buildActionMask = 2147483647;
			files = (
			);
			runOnlyForDeploymentPostprocessing = 0;
		};
/* End PBXSourcesBuildPhase section */

/* Begin XCBuildConfiguration section */
		880A127E2D38D53F00C740DB /* Debug */ = {
			isa = XCBuildConfiguration;
			buildSettings = {
				ALWAYS_SEARCH_USER_PATHS = NO;
				ASSETCATALOG_COMPILER_GENERATE_SWIFT_ASSET_SYMBOL_EXTENSIONS = YES;
				CLANG_ANALYZER_NONNULL = YES;
				CLANG_ANALYZER_NUMBER_OBJECT_CONVERSION = YES_AGGRESSIVE;
				CLANG_CXX_LANGUAGE_STANDARD = "gnu++20";
				CLANG_ENABLE_MODULES = YES;
				CLANG_ENABLE_OBJC_ARC = YES;
				CLANG_ENABLE_OBJC_WEAK = YES;
				CLANG_WARN_BLOCK_CAPTURE_AUTORELEASING = YES;
				CLANG_WARN_BOOL_CONVERSION = YES;
				CLANG_WARN_COMMA = YES;
				CLANG_WARN_CONSTANT_CONVERSION = YES;
				CLANG_WARN_DEPRECATED_OBJC_IMPLEMENTATIONS = YES;
				CLANG_WARN_DIRECT_OBJC_ISA_USAGE = YES_ERROR;
				CLANG_WARN_DOCUMENTATION_COMMENTS = YES;
				CLANG_WARN_EMPTY_BODY = YES;
				CLANG_WARN_ENUM_CONVERSION = YES;
				CLANG_WARN_INFINITE_RECURSION = YES;
				CLANG_WARN_INT_CONVERSION = YES;
				CLANG_WARN_NON_LITERAL_NULL_CONVERSION = YES;
				CLANG_WARN_OBJC_IMPLICIT_RETAIN_SELF = YES;
				CLANG_WARN_OBJC_LITERAL_CONVERSION = YES;
				CLANG_WARN_OBJC_ROOT_CLASS = YES_ERROR;
				CLANG_WARN_QUOTED_INCLUDE_IN_FRAMEWORK_HEADER = YES;
				CLANG_WARN_RANGE_LOOP_ANALYSIS = YES;
				CLANG_WARN_STRICT_PROTOTYPES = YES;
				CLANG_WARN_SUSPICIOUS_MOVE = YES;
				CLANG_WARN_UNGUARDED_AVAILABILITY = YES_AGGRESSIVE;
				CLANG_WARN_UNREACHABLE_CODE = YES;
				CLANG_WARN__DUPLICATE_METHOD_MATCH = YES;
				COPY_PHASE_STRIP = NO;
				DEBUG_INFORMATION_FORMAT = dwarf;
				ENABLE_STRICT_OBJC_MSGSEND = YES;
				ENABLE_TESTABILITY = YES;
				ENABLE_USER_SCRIPT_SANDBOXING = YES;
				GCC_C_LANGUAGE_STANDARD = gnu17;
				GCC_DYNAMIC_NO_PIC = NO;
				GCC_NO_COMMON_BLOCKS = YES;
				GCC_OPTIMIZATION_LEVEL = 0;
				GCC_PREPROCESSOR_DEFINITIONS = (
					"DEBUG=1",
					"$(inherited)",
				);
				GCC_WARN_64_TO_32_BIT_CONVERSION = YES;
				GCC_WARN_ABOUT_RETURN_TYPE = YES_ERROR;
				GCC_WARN_UNDECLARED_SELECTOR = YES;
				GCC_WARN_UNINITIALIZED_AUTOS = YES_AGGRESSIVE;
				GCC_WARN_UNUSED_FUNCTION = YES;
				GCC_WARN_UNUSED_VARIABLE = YES;
				LOCALIZATION_PREFERS_STRING_CATALOGS = YES;
				MACOSX_DEPLOYMENT_TARGET = 15.2;
				MTL_ENABLE_DEBUG_INFO = INCLUDE_SOURCE;
				MTL_FAST_MATH = YES;
				ONLY_ACTIVE_ARCH = YES;
				SDKROOT = macosx;
			};
			name = Debug;
		};
		880A127F2D38D53F00C740DB /* Release */ = {
			isa = XCBuildConfiguration;
			buildSettings = {
				ALWAYS_SEARCH_USER_PATHS = NO;
				ASSETCATALOG_COMPILER_GENERATE_SWIFT_ASSET_SYMBOL_EXTENSIONS = YES;
				CLANG_ANALYZER_NONNULL = YES;
				CLANG_ANALYZER_NUMBER_OBJECT_CONVERSION = YES_AGGRESSIVE;
				CLANG_CXX_LANGUAGE_STANDARD = "gnu++20";
				CLANG_ENABLE_MODULES = YES;
				CLANG_ENABLE_OBJC_ARC = YES;
				CLANG_ENABLE_OBJC_WEAK = YES;
				CLANG_WARN_BLOCK_CAPTURE_AUTORELEASING = YES;
				CLANG_WARN_BOOL_CONVERSION = YES;
				CLANG_WARN_COMMA = YES;
				CLANG_WARN_CONSTANT_CONVERSION = YES;
				CLANG_WARN_DEPRECATED_OBJC_IMPLEMENTATIONS = YES;
				CLANG_WARN_DIRECT_OBJC_ISA_USAGE = YES_ERROR;
				CLANG_WARN_DOCUMENTATION_COMMENTS = YES;
				CLANG_WARN_EMPTY_BODY = YES;
				CLANG_WARN_ENUM_CONVERSION = YES;
				CLANG_WARN_INFINITE_RECURSION = YES;
				CLANG_WARN_INT_CONVERSION = YES;
				CLANG_WARN_NON_LITERAL_NULL_CONVERSION = YES;
				CLANG_WARN_OBJC_IMPLICIT_RETAIN_SELF = YES;
				CLANG_WARN_OBJC_LITERAL_CONVERSION = YES;
				CLANG_WARN_OBJC_ROOT_CLASS = YES_ERROR;
				CLANG_WARN_QUOTED_INCLUDE_IN_FRAMEWORK_HEADER = YES;
				CLANG_WARN_RANGE_LOOP_ANALYSIS = YES;
				CLANG_WARN_STRICT_PROTOTYPES = YES;
				CLANG_WARN_SUSPICIOUS_MOVE = YES;
				CLANG_WARN_UNGUARDED_AVAILABILITY = YES_AGGRESSIVE;
				CLANG_WARN_UNREACHABLE_CODE = YES;
				CLANG_WARN__DUPLICATE_METHOD_MATCH = YES;
				COPY_PHASE_STRIP = NO;
				DEBUG_INFORMATION_FORMAT = "dwarf-with-dsym";
				ENABLE_NS_ASSERTIONS = NO;
				ENABLE_STRICT_OBJC_MSGSEND = YES;
				ENABLE_USER_SCRIPT_SANDBOXING = YES;
				GCC_C_LANGUAGE_STANDARD = gnu17;
				GCC_NO_COMMON_BLOCKS = YES;
				GCC_WARN_64_TO_32_BIT_CONVERSION = YES;
				GCC_WARN_ABOUT_RETURN_TYPE = YES_ERROR;
				GCC_WARN_UNDECLARED_SELECTOR = YES;
				GCC_WARN_UNINITIALIZED_AUTOS = YES_AGGRESSIVE;
				GCC_WARN_UNUSED_FUNCTION = YES;
				GCC_WARN_UNUSED_VARIABLE = YES;
				LOCALIZATION_PREFERS_STRING_CATALOGS = YES;
				MACOSX_DEPLOYMENT_TARGET = 15.2;
				MTL_ENABLE_DEBUG_INFO = NO;
				MTL_FAST_MATH = YES;
				SDKROOT = macosx;
			};
			name = Release;
		};
		880A128E2D38D5EA00C740DB /* Debug */ = {
			isa = XCBuildConfiguration;
			buildSettings = {
				CODE_SIGN_STYLE = Automatic;
				DEVELOPMENT_TEAM = PS2475WLUX;
				ENABLE_HARDENED_RUNTIME = YES;
				PRODUCT_NAME = "$(TARGET_NAME)";
			};
			name = Debug;
		};
		880A128F2D38D5EA00C740DB /* Release */ = {
			isa = XCBuildConfiguration;
			buildSettings = {
				CODE_SIGN_STYLE = Automatic;
				DEVELOPMENT_TEAM = PS2475WLUX;
				ENABLE_HARDENED_RUNTIME = YES;
				PRODUCT_NAME = "$(TARGET_NAME)";
			};
			name = Release;
		};
		881891332D3ABF7C00581991 /* Debug */ = {
			isa = XCBuildConfiguration;
			buildSettings = {
				CODE_SIGN_STYLE = Automatic;
				DEVELOPMENT_TEAM = PS2475WLUX;
				ENABLE_HARDENED_RUNTIME = YES;
				PRODUCT_NAME = "$(TARGET_NAME)";
			};
			name = Debug;
		};
		881891342D3ABF7C00581991 /* Release */ = {
			isa = XCBuildConfiguration;
			buildSettings = {
				CODE_SIGN_STYLE = Automatic;
				DEVELOPMENT_TEAM = PS2475WLUX;
				ENABLE_HARDENED_RUNTIME = YES;
				PRODUCT_NAME = "$(TARGET_NAME)";
			};
			name = Release;
		};
		881891442D3ACBE200581991 /* Debug */ = {
			isa = XCBuildConfiguration;
			buildSettings = {
				CODE_SIGN_STYLE = Automatic;
				DEVELOPMENT_TEAM = PS2475WLUX;
				ENABLE_HARDENED_RUNTIME = YES;
				PRODUCT_NAME = "$(TARGET_NAME)";
			};
			name = Debug;
		};
		881891452D3ACBE200581991 /* Release */ = {
			isa = XCBuildConfiguration;
			buildSettings = {
				CODE_SIGN_STYLE = Automatic;
				DEVELOPMENT_TEAM = PS2475WLUX;
				ENABLE_HARDENED_RUNTIME = YES;
				PRODUCT_NAME = "$(TARGET_NAME)";
			};
			name = Release;
		};
		88F5757F2D3E080E0064EDCA /* Debug */ = {
			isa = XCBuildConfiguration;
			buildSettings = {
				CODE_SIGN_STYLE = Automatic;
				DEVELOPMENT_TEAM = PS2475WLUX;
				ENABLE_HARDENED_RUNTIME = YES;
				PRODUCT_NAME = "$(TARGET_NAME)";
			};
			name = Debug;
		};
		88F575802D3E080E0064EDCA /* Release */ = {
			isa = XCBuildConfiguration;
			buildSettings = {
				CODE_SIGN_STYLE = Automatic;
				DEVELOPMENT_TEAM = PS2475WLUX;
				ENABLE_HARDENED_RUNTIME = YES;
				PRODUCT_NAME = "$(TARGET_NAME)";
			};
			name = Release;
		};
/* End XCBuildConfiguration section */

/* Begin XCConfigurationList section */
		880A12742D38D53F00C740DB /* Build configuration list for PBXProject "Clang" */ = {
			isa = XCConfigurationList;
			buildConfigurations = (
				880A127E2D38D53F00C740DB /* Debug */,
				880A127F2D38D53F00C740DB /* Release */,
			);
			defaultConfigurationIsVisible = 0;
			defaultConfigurationName = Release;
		};
		880A128D2D38D5EA00C740DB /* Build configuration list for PBXNativeTarget "for_statement" */ = {
			isa = XCConfigurationList;
			buildConfigurations = (
				880A128E2D38D5EA00C740DB /* Debug */,
				880A128F2D38D5EA00C740DB /* Release */,
			);
			defaultConfigurationIsVisible = 0;
			defaultConfigurationName = Release;
		};
		881891322D3ABF7C00581991 /* Build configuration list for PBXNativeTarget "while_statement" */ = {
			isa = XCConfigurationList;
			buildConfigurations = (
				881891332D3ABF7C00581991 /* Debug */,
				881891342D3ABF7C00581991 /* Release */,
			);
			defaultConfigurationIsVisible = 0;
			defaultConfigurationName = Release;
		};
		881891432D3ACBE200581991 /* Build configuration list for PBXNativeTarget "if_statement" */ = {
			isa = XCConfigurationList;
			buildConfigurations = (
				881891442D3ACBE200581991 /* Debug */,
				881891452D3ACBE200581991 /* Release */,
			);
			defaultConfigurationIsVisible = 0;
			defaultConfigurationName = Release;
		};
		88F575812D3E080E0064EDCA /* Build configuration list for PBXNativeTarget "reference" */ = {
			isa = XCConfigurationList;
			buildConfigurations = (
				88F5757F2D3E080E0064EDCA /* Debug */,
				88F575802D3E080E0064EDCA /* Release */,
			);
			defaultConfigurationIsVisible = 0;
			defaultConfigurationName = Release;
		};
/* End XCConfigurationList section */
	};
	rootObject = 880A12712D38D53F00C740DB /* Project object */;
}
